
Microsoft Visual Studio Solution File, Format Version 12.00
# Visual Studio 15
VisualStudioVersion = 15.0.28307.271
MinimumVisualStudioVersion = 10.0.40219.1
Project("{8BC9CEB8-8B4A-11D0-8D11-00A0C91BC942}") = "Deadlock Detection", "Deadlock Detection\Deadlock Detection.vcxproj", "{BC12FF67-2E4E-4BD2-974E-886CC2A47D02}"
EndProject
Global
	GlobalSection(SolutionConfigurationPlatforms) = preSolution
		Debug|x64 = Debug|x64
		Debug|x86 = Debug|x86
		Release|x64 = Release|x64
		Release|x86 = Release|x86
	EndGlobalSection
	GlobalSection(ProjectConfigurationPlatforms) = postSolution
		{BC12FF67-2E4E-4BD2-974E-886CC2A47D02}.Debug|x64.ActiveCfg = Debug|x64
		{BC12FF67-2E4E-4BD2-974E-886CC2A47D02}.Debug|x64.Build.0 = Debug|x64
		{BC12FF67-2E4E-4BD2-974E-886CC2A47D02}.Debug|x86.ActiveCfg = Debug|Win32
		{BC12FF67-2E4E-4BD2-974E-886CC2A47D02}.Debug|x86.Build.0 = Debug|Win32
		{BC12FF67-2E4E-4BD2-974E-886CC2A47D02}.Release|x64.ActiveCfg = Release|x64
		{BC12FF67-2E4E-4BD2-974E-886CC2A47D02}.Release|x64.Build.0 = Release|x64
		{BC12FF67-2E4E-4BD2-974E-886CC2A47D02}.Release|x86.ActiveCfg = Release|Win32
		{BC12FF67-2E4E-4BD2-974E-886CC2A47D02}.Release|x86.Build.0 = Release|Win32
	EndGlobalSection
	GlobalSection(SolutionProperties) = preSolution
		HideSolutionNode = FALSE
	EndGlobalSection
	GlobalSection(ExtensibilityGlobals) = postSolution
		SolutionGuid = {828A0321-3E53-4C30-83AA-7773723DC245}
	EndGlobalSection
EndGlobal
